
Microsoft Visual Studio Solution File, Format Version 12.00
Project("{FAE04EC0-301F-11D3-BF4B-00C04F79EFBC}") = "TrabalhoEstatistica", "TrabalhoEstatistica\TrabalhoEstatistica.csproj", "{89981941-6DC9-4409-AC33-AF55BCF51352}"
EndProject
Global
	GlobalSection(SolutionConfigurationPlatforms) = preSolution
		Debug|Any CPU = Debug|Any CPU
		Release|Any CPU = Release|Any CPU
	EndGlobalSection
	GlobalSection(ProjectConfigurationPlatforms) = postSolution
		{89981941-6DC9-4409-AC33-AF55BCF51352}.Debug|Any CPU.ActiveCfg = Debug|Any CPU
		{89981941-6DC9-4409-AC33-AF55BCF51352}.Debug|Any CPU.Build.0 = Debug|Any CPU
		{89981941-6DC9-4409-AC33-AF55BCF51352}.Release|Any CPU.ActiveCfg = Release|Any CPU
		{89981941-6DC9-4409-AC33-AF55BCF51352}.Release|Any CPU.Build.0 = Release|Any CPU
	EndGlobalSection
EndGlobal
